
Microsoft Visual Studio Solution File, Format Version 12.00
# Visual Studio Version 16
VisualStudioVersion = 16.0.30523.141
MinimumVisualStudioVersion = 10.0.40219.1
Project("{FAE04EC0-301F-11D3-BF4B-00C04F79EFBC}") = "AzureDevOps.Client", "AzureDevOps.Client\AzureDevOps.Client.csproj", "{4E6EBDCF-E03A-4E8F-8C0E-79997429D784}"
EndProject
Global
	GlobalSection(SolutionConfigurationPlatforms) = preSolution
		Debug|Any CPU = Debug|Any CPU
		Release|Any CPU = Release|Any CPU
	EndGlobalSection
	GlobalSection(ProjectConfigurationPlatforms) = postSolution
		{4E6EBDCF-E03A-4E8F-8C0E-79997429D784}.Debug|Any CPU.ActiveCfg = Debug|Any CPU
		{4E6EBDCF-E03A-4E8F-8C0E-79997429D784}.Debug|Any CPU.Build.0 = Debug|Any CPU
		{4E6EBDCF-E03A-4E8F-8C0E-79997429D784}.Release|Any CPU.ActiveCfg = Release|Any CPU
		{4E6EBDCF-E03A-4E8F-8C0E-79997429D784}.Release|Any CPU.Build.0 = Release|Any CPU
	EndGlobalSection
	GlobalSection(SolutionProperties) = preSolution
		HideSolutionNode = FALSE
	EndGlobalSection
	GlobalSection(ExtensibilityGlobals) = postSolution
		SolutionGuid = {3CF257C5-4570-4527-8CCD-EB6ADE54A5C9}
	EndGlobalSection
EndGlobal
